{
  "name": "WalkthroughTutorial",
  "version": "1.0.0",
  "lockfileVersion": 1,
  "requires": true,
  "dependencies": {
    "@openui5/sap.m": {
      "version": "1.71.1",
      "resolved": "https://registry.npmjs.org/@openui5/sap.m/-/sap.m-1.71.1.tgz",
      "integrity": "sha512-g7K6FBLwDOuLk6GoqWmUIqLjMJOc5+8KNOVVWIEDT56UUYS18rD+CzbKUW/6YW2080vuJcyepBs4GdwOdxn5yg==",
      "requires": {
        "@openui5/sap.ui.core": "1.71.1",
        "@openui5/sap.ui.layout": "1.71.1",
        "@openui5/sap.ui.unified": "1.71.1"
      }
    },
    "@openui5/sap.ui.core": {
      "version": "1.71.1",
      "resolved": "https://registry.npmjs.org/@openui5/sap.ui.core/-/sap.ui.core-1.71.1.tgz",
      "integrity": "sha512-goIujz3WBEPjoQuI21oqAHLHlG5QjVfg1KVUPUJgK51i1DAYtjzwyg818vSZsMUxEISSOW447vqy0nnNC+SDEw=="
    },
    "@openui5/sap.ui.layout": {
      "version": "1.71.1",
      "resolved": "https://registry.npmjs.org/@openui5/sap.ui.layout/-/sap.ui.layout-1.71.1.tgz",
      "integrity": "sha512-CcW18z2apEkcK46/FeoLlW7+3E3nxl/l/YOsf0GNJXTwaeUtZ08fQwqU4Pi1+6Jhoy407tKxIbWvZbndjmPLwg==",
      "requires": {
        "@openui5/sap.ui.core": "1.71.1"
      }
    },
    "@openui5/sap.ui.unified": {
      "version": "1.71.1",
      "resolved": "https://registry.npmjs.org/@openui5/sap.ui.unified/-/sap.ui.unified-1.71.1.tgz",
      "integrity": "sha512-qSKRI0/WzN8+Z4WDKaUOpqh8zQIzXfI8ybBvTO2Jr/TCIZY45/LHpkIEjQF1LBk3mTkD4Ru78S6CJuWU5SRpBw==",
      "requires": {
        "@openui5/sap.ui.core": "1.71.1"
      }
    },
    "@openui5/themelib_sap_belize": {
      "version": "1.71.1",
      "resolved": "https://registry.npmjs.org/@openui5/themelib_sap_belize/-/themelib_sap_belize-1.71.1.tgz",
      "integrity": "sha512-INs9Q4DBhZzcUzlmNC0sIC8CeQs0XIuITc82V+GDdtsiJ05f0LVGWjKmlq4JL2mTlzWil/2JtznXBbwXUFk4Ig=="
    }
  }
}
